
Microsoft Visual Studio Solution File, Format Version 12.00
# Visual Studio Version 16
VisualStudioVersion = 25.0.1704.2
MinimumVisualStudioVersion = 10.0.40219.1
Project("{FAE04EC0-301F-11D3-BF4B-00C04F79EFBC}") = "BinarySearchTree", "BinarySearchTree\BinarySearchTree.csproj", "{D66F73BF-E8A7-4573-B98B-C174F6687B90}"
EndProject
Global
	GlobalSection(SolutionConfigurationPlatforms) = preSolution
		Debug|Any CPU = Debug|Any CPU
		Release|Any CPU = Release|Any CPU
	EndGlobalSection
	GlobalSection(ProjectConfigurationPlatforms) = postSolution
		{D66F73BF-E8A7-4573-B98B-C174F6687B90}.Debug|Any CPU.ActiveCfg = Debug|Any CPU
		{D66F73BF-E8A7-4573-B98B-C174F6687B90}.Debug|Any CPU.Build.0 = Debug|Any CPU
		{D66F73BF-E8A7-4573-B98B-C174F6687B90}.Release|Any CPU.ActiveCfg = Release|Any CPU
		{D66F73BF-E8A7-4573-B98B-C174F6687B90}.Release|Any CPU.Build.0 = Release|Any CPU
	EndGlobalSection
	GlobalSection(SolutionProperties) = preSolution
		HideSolutionNode = FALSE
	EndGlobalSection
	GlobalSection(ExtensibilityGlobals) = postSolution
		SolutionGuid = {1E3E69F5-F8C2-4B6E-A48F-D62176138669}
	EndGlobalSection
EndGlobal
